{
  "version": 4,
  "terraform_version": "1.8.4",
  "serial": 157,
  "lineage": "4fc7b2a6-f4bd-8a2c-a4c5-d37cdb0b7074",
  "outputs": {},
  "resources": [
    {
      "mode": "data",
      "type": "azurerm_client_config",
      "name": "current",
      "provider": "provider[\"registry.terraform.io/hashicorp/azurerm\"]",
      "instances": [
        {
          "schema_version": 0,
          "attributes": {
            "client_id": "04b07795-8ddb-461a-bbee-02f9e1bf7b46",
            "id": "Y2xpZW50Q29uZmlncy9jbGllbnRJZD0wNGIwNzc5NS04ZGRiLTQ2MWEtYmJlZS0wMmY5ZTFiZjdiNDY7b2JqZWN0SWQ9YWM5NjUyNzctNzlmNC00MGI4LWJjM2MtYTkzYTM5M2IyNjY1O3N1YnNjcmlwdGlvbklkPTc5ZDI1YjY4LWMzN2YtNGM2My05ZGU3LTk1ZWQxNWE2YzJlNzt0ZW5hbnRJZD01OWY0YmZmZi03NmJlLTQxNDQtYWQ4Ny02ODhlOTczNDA5OGI=",
            "object_id": "ac965277-79f4-40b8-bc3c-a93a393b2665",
            "subscription_id": "79d25b68-c37f-4c63-9de7-95ed15a6c2e7",
            "tenant_id": "59f4bfff-76be-4144-ad87-688e9734098b",
            "timeouts": null
          },
          "sensitive_attributes": []
        }
      ]
    },
    {
      "mode": "managed",
      "type": "azurerm_key_vault",
      "name": "aj-KeyVault",
      "provider": "provider[\"registry.terraform.io/hashicorp/azurerm\"]",
      "instances": [
        {
          "schema_version": 2,
          "attributes": {
            "access_policy": [
              {
                "application_id": "",
                "certificate_permissions": null,
                "key_permissions": [
                  "Get"
                ],
                "object_id": "ac965277-79f4-40b8-bc3c-a93a393b2665",
                "secret_permissions": [
                  "Get"
                ],
                "storage_permissions": [
                  "Get"
                ],
                "tenant_id": "59f4bfff-76be-4144-ad87-688e9734098b"
              }
            ],
            "contact": [],
            "enable_rbac_authorization": false,
            "enabled_for_deployment": false,
            "enabled_for_disk_encryption": true,
            "enabled_for_template_deployment": false,
            "id": "/subscriptions/79d25b68-c37f-4c63-9de7-95ed15a6c2e7/resourceGroups/aj-rg-abc/providers/Microsoft.KeyVault/vaults/aj-KeyVault-abc1",
            "location": "westeurope",
            "name": "aj-KeyVault-abc1",
            "network_acls": [
              {
                "bypass": "AzureServices",
                "default_action": "Allow",
                "ip_rules": [],
                "virtual_network_subnet_ids": []
              }
            ],
            "public_network_access_enabled": true,
            "purge_protection_enabled": false,
            "resource_group_name": "aj-rg-abc",
            "sku_name": "premium",
            "soft_delete_retention_days": 7,
            "tags": null,
            "tenant_id": "59f4bfff-76be-4144-ad87-688e9734098b",
            "timeouts": null,
            "vault_uri": "https://aj-keyvault-abc1.vault.azure.net/"
          },
          "sensitive_attributes": [],
          "private": "eyJlMmJmYjczMC1lY2FhLTExZTYtOGY4OC0zNDM2M2JjN2M0YzAiOnsiY3JlYXRlIjoxODAwMDAwMDAwMDAwLCJkZWxldGUiOjE4MDAwMDAwMDAwMDAsInJlYWQiOjMwMDAwMDAwMDAwMCwidXBkYXRlIjoxODAwMDAwMDAwMDAwfSwic2NoZW1hX3ZlcnNpb24iOiIyIn0=",
          "dependencies": [
            "azurerm_resource_group.aj-rg-abc",
            "data.azurerm_client_config.current"
          ]
        }
      ]
    },
    {
      "mode": "managed",
      "type": "azurerm_network_interface",
      "name": "aj-nic1-abc",
      "provider": "provider[\"registry.terraform.io/hashicorp/azurerm\"]",
      "instances": [
        {
          "schema_version": 0,
          "attributes": {
            "applied_dns_servers": [],
            "auxiliary_mode": "",
            "auxiliary_sku": "",
            "dns_servers": [],
            "edge_zone": "",
            "enable_accelerated_networking": false,
            "enable_ip_forwarding": false,
            "id": "/subscriptions/79d25b68-c37f-4c63-9de7-95ed15a6c2e7/resourceGroups/aj-rg-abc/providers/Microsoft.Network/networkInterfaces/aj-nic1-abc",
            "internal_dns_name_label": "",
            "internal_domain_name_suffix": "5mymmqhc3kxerlp05qtqf40uvh.ax.internal.cloudapp.net",
            "ip_configuration": [
              {
                "gateway_load_balancer_frontend_ip_configuration_id": "",
                "name": "internal",
                "primary": true,
                "private_ip_address": "10.0.0.4",
                "private_ip_address_allocation": "Dynamic",
                "private_ip_address_version": "IPv4",
                "public_ip_address_id": "/subscriptions/79d25b68-c37f-4c63-9de7-95ed15a6c2e7/resourceGroups/aj-rg-abc/providers/Microsoft.Network/publicIPAddresses/aj-publicIP-abc",
                "subnet_id": "/subscriptions/79d25b68-c37f-4c63-9de7-95ed15a6c2e7/resourceGroups/aj-rg-abc/providers/Microsoft.Network/virtualNetworks/aj-vnet1-abc/subnets/subnet1"
              }
            ],
            "location": "westeurope",
            "mac_address": "",
            "name": "aj-nic1-abc",
            "private_ip_address": "10.0.0.4",
            "private_ip_addresses": [
              "10.0.0.4"
            ],
            "resource_group_name": "aj-rg-abc",
            "tags": null,
            "timeouts": null,
            "virtual_machine_id": ""
          },
          "sensitive_attributes": [],
          "private": "eyJlMmJmYjczMC1lY2FhLTExZTYtOGY4OC0zNDM2M2JjN2M0YzAiOnsiY3JlYXRlIjoxODAwMDAwMDAwMDAwLCJkZWxldGUiOjE4MDAwMDAwMDAwMDAsInJlYWQiOjMwMDAwMDAwMDAwMCwidXBkYXRlIjoxODAwMDAwMDAwMDAwfX0=",
          "dependencies": [
            "azurerm_public_ip.aj-publicIP-abc",
            "azurerm_resource_group.aj-rg-abc",
            "azurerm_subnet.subnet1",
            "azurerm_virtual_network.aj-vnet1-abc"
          ]
        }
      ]
    },
    {
      "mode": "managed",
      "type": "azurerm_network_security_group",
      "name": "aj-nsg1-abc",
      "provider": "provider[\"registry.terraform.io/hashicorp/azurerm\"]",
      "instances": [
        {
          "schema_version": 0,
          "attributes": {
            "id": "/subscriptions/79d25b68-c37f-4c63-9de7-95ed15a6c2e7/resourceGroups/aj-rg-abc/providers/Microsoft.Network/networkSecurityGroups/aj-nsg1-abc",
            "location": "westeurope",
            "name": "aj-nsg1-abc",
            "resource_group_name": "aj-rg-abc",
            "security_rule": [],
            "tags": null,
            "timeouts": null
          },
          "sensitive_attributes": [],
          "private": "eyJlMmJmYjczMC1lY2FhLTExZTYtOGY4OC0zNDM2M2JjN2M0YzAiOnsiY3JlYXRlIjoxODAwMDAwMDAwMDAwLCJkZWxldGUiOjE4MDAwMDAwMDAwMDAsInJlYWQiOjMwMDAwMDAwMDAwMCwidXBkYXRlIjoxODAwMDAwMDAwMDAwfX0=",
          "dependencies": [
            "azurerm_resource_group.aj-rg-abc"
          ]
        }
      ]
    },
    {
      "mode": "managed",
      "type": "azurerm_private_dns_zone",
      "name": "keyvault_zone",
      "provider": "provider[\"registry.terraform.io/hashicorp/azurerm\"]",
      "instances": [
        {
          "schema_version": 0,
          "attributes": {
            "id": "/subscriptions/79d25b68-c37f-4c63-9de7-95ed15a6c2e7/resourceGroups/aj-rg-abc/providers/Microsoft.Network/privateDnsZones/keyvault.DNS.azure.com",
            "max_number_of_record_sets": 25000,
            "max_number_of_virtual_network_links": 1000,
            "max_number_of_virtual_network_links_with_registration": 100,
            "name": "keyvault.DNS.azure.com",
            "number_of_record_sets": 1,
            "resource_group_name": "aj-rg-abc",
            "soa_record": [
              {
                "email": "azureprivatedns-host.microsoft.com",
                "expire_time": 2419200,
                "fqdn": "keyvault.dns.azure.com.",
                "host_name": "azureprivatedns.net",
                "minimum_ttl": 10,
                "refresh_time": 3600,
                "retry_time": 300,
                "serial_number": 1,
                "tags": {},
                "ttl": 3600
              }
            ],
            "tags": null,
            "timeouts": null
          },
          "sensitive_attributes": [],
          "private": "eyJlMmJmYjczMC1lY2FhLTExZTYtOGY4OC0zNDM2M2JjN2M0YzAiOnsiY3JlYXRlIjoxODAwMDAwMDAwMDAwLCJkZWxldGUiOjE4MDAwMDAwMDAwMDAsInJlYWQiOjMwMDAwMDAwMDAwMCwidXBkYXRlIjoxODAwMDAwMDAwMDAwfX0=",
          "dependencies": [
            "azurerm_resource_group.aj-rg-abc"
          ]
        }
      ]
    },
    {
      "mode": "managed",
      "type": "azurerm_private_dns_zone",
      "name": "postgre_zone",
      "provider": "provider[\"registry.terraform.io/hashicorp/azurerm\"]",
      "instances": [
        {
          "schema_version": 0,
          "attributes": {
            "id": "/subscriptions/79d25b68-c37f-4c63-9de7-95ed15a6c2e7/resourceGroups/aj-rg-abc/providers/Microsoft.Network/privateDnsZones/postgre.database.azure.com",
            "max_number_of_record_sets": 25000,
            "max_number_of_virtual_network_links": 1000,
            "max_number_of_virtual_network_links_with_registration": 100,
            "name": "postgre.database.azure.com",
            "number_of_record_sets": 1,
            "resource_group_name": "aj-rg-abc",
            "soa_record": [
              {
                "email": "azureprivatedns-host.microsoft.com",
                "expire_time": 2419200,
                "fqdn": "postgre.database.azure.com.",
                "host_name": "azureprivatedns.net",
                "minimum_ttl": 10,
                "refresh_time": 3600,
                "retry_time": 300,
                "serial_number": 1,
                "tags": {},
                "ttl": 3600
              }
            ],
            "tags": null,
            "timeouts": null
          },
          "sensitive_attributes": [],
          "private": "eyJlMmJmYjczMC1lY2FhLTExZTYtOGY4OC0zNDM2M2JjN2M0YzAiOnsiY3JlYXRlIjoxODAwMDAwMDAwMDAwLCJkZWxldGUiOjE4MDAwMDAwMDAwMDAsInJlYWQiOjMwMDAwMDAwMDAwMCwidXBkYXRlIjoxODAwMDAwMDAwMDAwfX0=",
          "dependencies": [
            "azurerm_resource_group.aj-rg-abc"
          ]
        }
      ]
    },
    {
      "mode": "managed",
      "type": "azurerm_private_dns_zone_virtual_network_link",
      "name": "keyvault_vnet_link",
      "provider": "provider[\"registry.terraform.io/hashicorp/azurerm\"]",
      "instances": [
        {
          "schema_version": 0,
          "attributes": {
            "id": "/subscriptions/79d25b68-c37f-4c63-9de7-95ed15a6c2e7/resourceGroups/aj-rg-abc/providers/Microsoft.Network/privateDnsZones/keyvault.DNS.azure.com/virtualNetworkLinks/keyvaultLink",
            "name": "keyvaultLink",
            "private_dns_zone_name": "keyvault.DNS.azure.com",
            "registration_enabled": false,
            "resource_group_name": "aj-rg-abc",
            "tags": null,
            "timeouts": null,
            "virtual_network_id": "/subscriptions/79d25b68-c37f-4c63-9de7-95ed15a6c2e7/resourceGroups/aj-rg-abc/providers/Microsoft.Network/virtualNetworks/aj-vnet1-abc"
          },
          "sensitive_attributes": [],
          "private": "eyJlMmJmYjczMC1lY2FhLTExZTYtOGY4OC0zNDM2M2JjN2M0YzAiOnsiY3JlYXRlIjoxODAwMDAwMDAwMDAwLCJkZWxldGUiOjE4MDAwMDAwMDAwMDAsInJlYWQiOjMwMDAwMDAwMDAwMCwidXBkYXRlIjoxODAwMDAwMDAwMDAwfX0=",
          "dependencies": [
            "azurerm_private_dns_zone.keyvault_zone",
            "azurerm_resource_group.aj-rg-abc",
            "azurerm_virtual_network.aj-vnet1-abc"
          ]
        }
      ]
    },
    {
      "mode": "managed",
      "type": "azurerm_private_dns_zone_virtual_network_link",
      "name": "postgres_vnet_link",
      "provider": "provider[\"registry.terraform.io/hashicorp/azurerm\"]",
      "instances": [
        {
          "schema_version": 0,
          "attributes": {
            "id": "/subscriptions/79d25b68-c37f-4c63-9de7-95ed15a6c2e7/resourceGroups/aj-rg-abc/providers/Microsoft.Network/privateDnsZones/postgre.database.azure.com/virtualNetworkLinks/postgresLink",
            "name": "postgresLink",
            "private_dns_zone_name": "postgre.database.azure.com",
            "registration_enabled": false,
            "resource_group_name": "aj-rg-abc",
            "tags": null,
            "timeouts": null,
            "virtual_network_id": "/subscriptions/79d25b68-c37f-4c63-9de7-95ed15a6c2e7/resourceGroups/aj-rg-abc/providers/Microsoft.Network/virtualNetworks/aj-vnet1-abc"
          },
          "sensitive_attributes": [],
          "private": "eyJlMmJmYjczMC1lY2FhLTExZTYtOGY4OC0zNDM2M2JjN2M0YzAiOnsiY3JlYXRlIjoxODAwMDAwMDAwMDAwLCJkZWxldGUiOjE4MDAwMDAwMDAwMDAsInJlYWQiOjMwMDAwMDAwMDAwMCwidXBkYXRlIjoxODAwMDAwMDAwMDAwfX0=",
          "dependencies": [
            "azurerm_private_dns_zone.postgre_zone",
            "azurerm_resource_group.aj-rg-abc",
            "azurerm_virtual_network.aj-vnet1-abc"
          ]
        }
      ]
    },
    {
      "mode": "managed",
      "type": "azurerm_public_ip",
      "name": "aj-publicIP-abc",
      "provider": "provider[\"registry.terraform.io/hashicorp/azurerm\"]",
      "instances": [
        {
          "schema_version": 0,
          "attributes": {
            "allocation_method": "Dynamic",
            "ddos_protection_mode": "VirtualNetworkInherited",
            "ddos_protection_plan_id": null,
            "domain_name_label": null,
            "edge_zone": "",
            "fqdn": null,
            "id": "/subscriptions/79d25b68-c37f-4c63-9de7-95ed15a6c2e7/resourceGroups/aj-rg-abc/providers/Microsoft.Network/publicIPAddresses/aj-publicIP-abc",
            "idle_timeout_in_minutes": 4,
            "ip_address": "",
            "ip_tags": null,
            "ip_version": "IPv4",
            "location": "westeurope",
            "name": "aj-publicIP-abc",
            "public_ip_prefix_id": null,
            "resource_group_name": "aj-rg-abc",
            "reverse_fqdn": null,
            "sku": "Basic",
            "sku_tier": "Regional",
            "tags": null,
            "timeouts": null,
            "zones": null
          },
          "sensitive_attributes": [],
          "private": "eyJlMmJmYjczMC1lY2FhLTExZTYtOGY4OC0zNDM2M2JjN2M0YzAiOnsiY3JlYXRlIjoxODAwMDAwMDAwMDAwLCJkZWxldGUiOjE4MDAwMDAwMDAwMDAsInJlYWQiOjMwMDAwMDAwMDAwMCwidXBkYXRlIjoxODAwMDAwMDAwMDAwfX0=",
          "dependencies": [
            "azurerm_resource_group.aj-rg-abc"
          ]
        }
      ]
    },
    {
      "mode": "managed",
      "type": "azurerm_resource_group",
      "name": "aj-rg-abc",
      "provider": "provider[\"registry.terraform.io/hashicorp/azurerm\"]",
      "instances": [
        {
          "schema_version": 0,
          "attributes": {
            "id": "/subscriptions/79d25b68-c37f-4c63-9de7-95ed15a6c2e7/resourceGroups/aj-rg-abc",
            "location": "westeurope",
            "managed_by": "",
            "name": "aj-rg-abc",
            "tags": null,
            "timeouts": null
          },
          "sensitive_attributes": [],
          "private": "eyJlMmJmYjczMC1lY2FhLTExZTYtOGY4OC0zNDM2M2JjN2M0YzAiOnsiY3JlYXRlIjo1NDAwMDAwMDAwMDAwLCJkZWxldGUiOjU0MDAwMDAwMDAwMDAsInJlYWQiOjMwMDAwMDAwMDAwMCwidXBkYXRlIjo1NDAwMDAwMDAwMDAwfX0="
        }
      ]
    },
    {
      "mode": "managed",
      "type": "azurerm_subnet",
      "name": "subnet1",
      "provider": "provider[\"registry.terraform.io/hashicorp/azurerm\"]",
      "instances": [
        {
          "schema_version": 0,
          "attributes": {
            "address_prefixes": [
              "10.0.0.0/27"
            ],
            "delegation": [],
            "enforce_private_link_endpoint_network_policies": false,
            "enforce_private_link_service_network_policies": false,
            "id": "/subscriptions/79d25b68-c37f-4c63-9de7-95ed15a6c2e7/resourceGroups/aj-rg-abc/providers/Microsoft.Network/virtualNetworks/aj-vnet1-abc/subnets/subnet1",
            "name": "subnet1",
            "private_endpoint_network_policies": "Enabled",
            "private_endpoint_network_policies_enabled": true,
            "private_link_service_network_policies_enabled": true,
            "resource_group_name": "aj-rg-abc",
            "service_endpoint_policy_ids": null,
            "service_endpoints": null,
            "timeouts": null,
            "virtual_network_name": "aj-vnet1-abc"
          },
          "sensitive_attributes": [],
          "private": "eyJlMmJmYjczMC1lY2FhLTExZTYtOGY4OC0zNDM2M2JjN2M0YzAiOnsiY3JlYXRlIjoxODAwMDAwMDAwMDAwLCJkZWxldGUiOjE4MDAwMDAwMDAwMDAsInJlYWQiOjMwMDAwMDAwMDAwMCwidXBkYXRlIjoxODAwMDAwMDAwMDAwfX0=",
          "dependencies": [
            "azurerm_resource_group.aj-rg-abc",
            "azurerm_virtual_network.aj-vnet1-abc"
          ]
        }
      ]
    },
    {
      "mode": "managed",
      "type": "azurerm_subnet",
      "name": "subnet2",
      "provider": "provider[\"registry.terraform.io/hashicorp/azurerm\"]",
      "instances": [
        {
          "schema_version": 0,
          "attributes": {
            "address_prefixes": [
              "10.0.0.32/27"
            ],
            "delegation": [
              {
                "name": "delegation",
                "service_delegation": [
                  {
                    "actions": [
                      "Microsoft.Network/virtualNetworks/subnets/join/action"
                    ],
                    "name": "Microsoft.DBforPostgreSQL/flexibleServers"
                  }
                ]
              }
            ],
            "enforce_private_link_endpoint_network_policies": false,
            "enforce_private_link_service_network_policies": false,
            "id": "/subscriptions/79d25b68-c37f-4c63-9de7-95ed15a6c2e7/resourceGroups/aj-rg-abc/providers/Microsoft.Network/virtualNetworks/aj-vnet1-abc/subnets/subnet2",
            "name": "subnet2",
            "private_endpoint_network_policies": "Enabled",
            "private_endpoint_network_policies_enabled": true,
            "private_link_service_network_policies_enabled": true,
            "resource_group_name": "aj-rg-abc",
            "service_endpoint_policy_ids": null,
            "service_endpoints": null,
            "timeouts": null,
            "virtual_network_name": "aj-vnet1-abc"
          },
          "sensitive_attributes": [],
          "private": "eyJlMmJmYjczMC1lY2FhLTExZTYtOGY4OC0zNDM2M2JjN2M0YzAiOnsiY3JlYXRlIjoxODAwMDAwMDAwMDAwLCJkZWxldGUiOjE4MDAwMDAwMDAwMDAsInJlYWQiOjMwMDAwMDAwMDAwMCwidXBkYXRlIjoxODAwMDAwMDAwMDAwfX0=",
          "dependencies": [
            "azurerm_resource_group.aj-rg-abc",
            "azurerm_virtual_network.aj-vnet1-abc"
          ]
        }
      ]
    },
    {
      "mode": "managed",
      "type": "azurerm_subnet_network_security_group_association",
      "name": "nsg-association",
      "provider": "provider[\"registry.terraform.io/hashicorp/azurerm\"]",
      "instances": [
        {
          "schema_version": 0,
          "attributes": {
            "id": "/subscriptions/79d25b68-c37f-4c63-9de7-95ed15a6c2e7/resourceGroups/aj-rg-abc/providers/Microsoft.Network/virtualNetworks/aj-vnet1-abc/subnets/subnet1",
            "network_security_group_id": "/subscriptions/79d25b68-c37f-4c63-9de7-95ed15a6c2e7/resourceGroups/aj-rg-abc/providers/Microsoft.Network/networkSecurityGroups/aj-nsg1-abc",
            "subnet_id": "/subscriptions/79d25b68-c37f-4c63-9de7-95ed15a6c2e7/resourceGroups/aj-rg-abc/providers/Microsoft.Network/virtualNetworks/aj-vnet1-abc/subnets/subnet1",
            "timeouts": null
          },
          "sensitive_attributes": [],
          "private": "eyJlMmJmYjczMC1lY2FhLTExZTYtOGY4OC0zNDM2M2JjN2M0YzAiOnsiY3JlYXRlIjoxODAwMDAwMDAwMDAwLCJkZWxldGUiOjE4MDAwMDAwMDAwMDAsInJlYWQiOjMwMDAwMDAwMDAwMH19",
          "dependencies": [
            "azurerm_network_security_group.aj-nsg1-abc",
            "azurerm_resource_group.aj-rg-abc",
            "azurerm_subnet.subnet1",
            "azurerm_virtual_network.aj-vnet1-abc"
          ]
        }
      ]
    },
    {
      "mode": "managed",
      "type": "azurerm_user_assigned_identity",
      "name": "user-id",
      "provider": "provider[\"registry.terraform.io/hashicorp/azurerm\"]",
      "instances": [
        {
          "schema_version": 1,
          "attributes": {
            "client_id": "a63cea84-246d-4576-9501-ff7785e9d6c4",
            "id": "/subscriptions/79d25b68-c37f-4c63-9de7-95ed15a6c2e7/resourceGroups/aj-rg-abc/providers/Microsoft.ManagedIdentity/userAssignedIdentities/user-id",
            "location": "westeurope",
            "name": "user-id",
            "principal_id": "3cf68d48-98a4-48f8-9111-e7898d912ee5",
            "resource_group_name": "aj-rg-abc",
            "tags": null,
            "tenant_id": "59f4bfff-76be-4144-ad87-688e9734098b",
            "timeouts": null
          },
          "sensitive_attributes": [],
          "private": "eyJlMmJmYjczMC1lY2FhLTExZTYtOGY4OC0zNDM2M2JjN2M0YzAiOnsiY3JlYXRlIjoxODAwMDAwMDAwMDAwLCJkZWxldGUiOjE4MDAwMDAwMDAwMDAsInJlYWQiOjMwMDAwMDAwMDAwMCwidXBkYXRlIjoxODAwMDAwMDAwMDAwfSwic2NoZW1hX3ZlcnNpb24iOiIxIn0=",
          "dependencies": [
            "azurerm_resource_group.aj-rg-abc"
          ]
        }
      ]
    },
    {
      "mode": "managed",
      "type": "azurerm_virtual_network",
      "name": "aj-vnet1-abc",
      "provider": "provider[\"registry.terraform.io/hashicorp/azurerm\"]",
      "instances": [
        {
          "schema_version": 0,
          "attributes": {
            "address_space": [
              "10.0.0.0/24"
            ],
            "bgp_community": "",
            "ddos_protection_plan": [],
            "dns_servers": [],
            "edge_zone": "",
            "encryption": [],
            "flow_timeout_in_minutes": 0,
            "guid": "40c630fb-eae2-48ae-adfa-fc2702fb54af",
            "id": "/subscriptions/79d25b68-c37f-4c63-9de7-95ed15a6c2e7/resourceGroups/aj-rg-abc/providers/Microsoft.Network/virtualNetworks/aj-vnet1-abc",
            "location": "westeurope",
            "name": "aj-vnet1-abc",
            "resource_group_name": "aj-rg-abc",
            "subnet": [],
            "tags": null,
            "timeouts": null
          },
          "sensitive_attributes": [],
          "private": "eyJlMmJmYjczMC1lY2FhLTExZTYtOGY4OC0zNDM2M2JjN2M0YzAiOnsiY3JlYXRlIjoxODAwMDAwMDAwMDAwLCJkZWxldGUiOjE4MDAwMDAwMDAwMDAsInJlYWQiOjMwMDAwMDAwMDAwMCwidXBkYXRlIjoxODAwMDAwMDAwMDAwfX0=",
          "dependencies": [
            "azurerm_resource_group.aj-rg-abc"
          ]
        }
      ]
    },
    {
      "mode": "managed",
      "type": "azurerm_windows_virtual_machine",
      "name": "aj-vm1-abc",
      "provider": "provider[\"registry.terraform.io/hashicorp/azurerm\"]",
      "instances": [
        {
          "schema_version": 0,
          "attributes": {
            "additional_capabilities": [],
            "additional_unattend_content": [],
            "admin_password": "0ct6fAs\u0026v-)x{cO#",
            "admin_username": "adminuser",
            "allow_extension_operations": true,
            "availability_set_id": "",
            "boot_diagnostics": [],
            "bypass_platform_safety_checks_on_user_schedule_enabled": false,
            "capacity_reservation_group_id": "",
            "computer_name": "aj-vm1-abc",
            "custom_data": null,
            "dedicated_host_group_id": "",
            "dedicated_host_id": "",
            "disk_controller_type": "",
            "edge_zone": "",
            "enable_automatic_updates": true,
            "encryption_at_host_enabled": false,
            "eviction_policy": "",
            "extensions_time_budget": "PT1H30M",
            "gallery_application": [],
            "hotpatching_enabled": false,
            "id": "/subscriptions/79d25b68-c37f-4c63-9de7-95ed15a6c2e7/resourceGroups/aj-rg-abc/providers/Microsoft.Compute/virtualMachines/aj-vm1-abc",
            "identity": [
              {
                "identity_ids": null,
                "principal_id": "8fd849e0-d1f6-45f8-b32f-98914c3f9464",
                "tenant_id": "59f4bfff-76be-4144-ad87-688e9734098b",
                "type": "SystemAssigned"
              }
            ],
            "license_type": "",
            "location": "westeurope",
            "max_bid_price": -1,
            "name": "aj-vm1-abc",
            "network_interface_ids": [
              "/subscriptions/79d25b68-c37f-4c63-9de7-95ed15a6c2e7/resourceGroups/aj-rg-abc/providers/Microsoft.Network/networkInterfaces/aj-nic1-abc"
            ],
            "os_disk": [
              {
                "caching": "ReadWrite",
                "diff_disk_settings": [],
                "disk_encryption_set_id": "",
                "disk_size_gb": 127,
                "name": "aj-vm1-abc_disk1_8c62861a3e4a4705a55b4ce14cfc6538",
                "secure_vm_disk_encryption_set_id": "",
                "security_encryption_type": "",
                "storage_account_type": "Standard_LRS",
                "write_accelerator_enabled": false
              }
            ],
            "os_image_notification": [],
            "patch_assessment_mode": "ImageDefault",
            "patch_mode": "AutomaticByOS",
            "plan": [],
            "platform_fault_domain": -1,
            "priority": "Regular",
            "private_ip_address": "10.0.0.4",
            "private_ip_addresses": [
              "10.0.0.4"
            ],
            "provision_vm_agent": true,
            "proximity_placement_group_id": "",
            "public_ip_address": "40.91.235.184",
            "public_ip_addresses": [
              "40.91.235.184"
            ],
            "reboot_setting": "",
            "resource_group_name": "aj-rg-abc",
            "secret": [],
            "secure_boot_enabled": false,
            "size": "Standard_B2s",
            "source_image_id": "",
            "source_image_reference": [
              {
                "offer": "WindowsServer",
                "publisher": "MicrosoftWindowsServer",
                "sku": "2022-Datacenter",
                "version": "latest"
              }
            ],
            "tags": null,
            "termination_notification": null,
            "timeouts": null,
            "timezone": "",
            "user_data": "",
            "virtual_machine_id": "e65ba9c0-2b78-4343-b207-906f185eff4b",
            "virtual_machine_scale_set_id": "",
            "vm_agent_platform_updates_enabled": false,
            "vtpm_enabled": false,
            "winrm_listener": [],
            "zone": ""
          },
          "sensitive_attributes": [
            [
              {
                "type": "get_attr",
                "value": "custom_data"
              }
            ],
            [
              {
                "type": "get_attr",
                "value": "admin_password"
              }
            ]
          ],
          "private": "eyJlMmJmYjczMC1lY2FhLTExZTYtOGY4OC0zNDM2M2JjN2M0YzAiOnsiY3JlYXRlIjoyNzAwMDAwMDAwMDAwLCJkZWxldGUiOjI3MDAwMDAwMDAwMDAsInJlYWQiOjMwMDAwMDAwMDAwMCwidXBkYXRlIjoyNzAwMDAwMDAwMDAwfX0=",
          "dependencies": [
            "azurerm_network_interface.aj-nic1-abc",
            "azurerm_public_ip.aj-publicIP-abc",
            "azurerm_resource_group.aj-rg-abc",
            "azurerm_subnet.subnet1",
            "azurerm_virtual_network.aj-vnet1-abc",
            "random_password.password"
          ]
        }
      ]
    },
    {
      "mode": "managed",
      "type": "random_password",
      "name": "password",
      "provider": "provider[\"registry.terraform.io/hashicorp/random\"]",
      "instances": [
        {
          "schema_version": 3,
          "attributes": {
            "bcrypt_hash": "$2a$10$YuLlaW2dXQ2jrGLP13FF6.hRa1kK8L.ENqr1.gPtK3MDguPCAcSXu",
            "id": "none",
            "keepers": null,
            "length": 16,
            "lower": true,
            "min_lower": 0,
            "min_numeric": 0,
            "min_special": 0,
            "min_upper": 0,
            "number": true,
            "numeric": true,
            "override_special": "!#$%\u0026*()-_=+[]{}\u003c\u003e:?",
            "result": "0ct6fAs\u0026v-)x{cO#",
            "special": true,
            "upper": true
          },
          "sensitive_attributes": [
            [
              {
                "type": "get_attr",
                "value": "bcrypt_hash"
              }
            ],
            [
              {
                "type": "get_attr",
                "value": "result"
              }
            ]
          ]
        }
      ]
    }
  ],
  "check_results": null
}
